
Microsoft Visual Studio Solution File, Format Version 12.00
# Visual Studio Version 17
VisualStudioVersion = 17.3.32929.385
MinimumVisualStudioVersion = 10.0.40219.1
Project("{8BC9CEB8-8B4A-11D0-8D11-00A0C91BC942}") = "ASM", "Toolchain\ASM\ASM.vcxproj", "{C2896446-C693-409B-806D-7680D7243304}"
EndProject
Project("{2150E333-8FDC-42A3-9474-1A3956D46DE8}") = "Inc", "Inc", "{AED455F8-1C6C-4160-8044-372936AFF665}"
	ProjectSection(SolutionItems) = preProject
		Inc\SAP1.h = Inc\SAP1.h
	EndProjectSection
EndProject
Project("{8BC9CEB8-8B4A-11D0-8D11-00A0C91BC942}") = "VM", "VM\VM.vcxproj", "{E6035604-10BD-40EC-AA2F-0AB8A5A2FD50}"
EndProject
Global
	GlobalSection(SolutionConfigurationPlatforms) = preSolution
		Debug|x64 = Debug|x64
		Debug|x86 = Debug|x86
		Release|x64 = Release|x64
		Release|x86 = Release|x86
	EndGlobalSection
	GlobalSection(ProjectConfigurationPlatforms) = postSolution
		{C2896446-C693-409B-806D-7680D7243304}.Debug|x64.ActiveCfg = Debug|x64
		{C2896446-C693-409B-806D-7680D7243304}.Debug|x64.Build.0 = Debug|x64
		{C2896446-C693-409B-806D-7680D7243304}.Debug|x86.ActiveCfg = Debug|Win32
		{C2896446-C693-409B-806D-7680D7243304}.Debug|x86.Build.0 = Debug|Win32
		{C2896446-C693-409B-806D-7680D7243304}.Release|x64.ActiveCfg = Release|x64
		{C2896446-C693-409B-806D-7680D7243304}.Release|x64.Build.0 = Release|x64
		{C2896446-C693-409B-806D-7680D7243304}.Release|x86.ActiveCfg = Release|Win32
		{C2896446-C693-409B-806D-7680D7243304}.Release|x86.Build.0 = Release|Win32
		{E6035604-10BD-40EC-AA2F-0AB8A5A2FD50}.Debug|x64.ActiveCfg = Debug|x64
		{E6035604-10BD-40EC-AA2F-0AB8A5A2FD50}.Debug|x64.Build.0 = Debug|x64
		{E6035604-10BD-40EC-AA2F-0AB8A5A2FD50}.Debug|x86.ActiveCfg = Debug|Win32
		{E6035604-10BD-40EC-AA2F-0AB8A5A2FD50}.Debug|x86.Build.0 = Debug|Win32
		{E6035604-10BD-40EC-AA2F-0AB8A5A2FD50}.Release|x64.ActiveCfg = Release|x64
		{E6035604-10BD-40EC-AA2F-0AB8A5A2FD50}.Release|x64.Build.0 = Release|x64
		{E6035604-10BD-40EC-AA2F-0AB8A5A2FD50}.Release|x86.ActiveCfg = Release|Win32
		{E6035604-10BD-40EC-AA2F-0AB8A5A2FD50}.Release|x86.Build.0 = Release|Win32
	EndGlobalSection
	GlobalSection(SolutionProperties) = preSolution
		HideSolutionNode = FALSE
	EndGlobalSection
	GlobalSection(ExtensibilityGlobals) = postSolution
		SolutionGuid = {18DEB77C-A75C-468F-AC21-652B72F66C5A}
	EndGlobalSection
EndGlobal
